
Microsoft Visual Studio Solution File, Format Version 12.00
# Visual Studio Version 16
VisualStudioVersion = 16.0.32228.343
MinimumVisualStudioVersion = 10.0.40219.1
Project("{9A19103F-16F7-4668-BE54-9A1E7A4F7556}") = "Contact.API", "Contact.API\Contact.API.csproj", "{104CE57A-6CDB-4A82-ABB3-FE6253CE52FA}"
EndProject
Project("{E53339B2-1760-4266-BCC7-CA923CBCF16C}") = "docker-compose", "docker-compose.dcproj", "{A03BACA8-FFC2-4C7B-BFC6-B57D6E46F69A}"
EndProject
Project("{9A19103F-16F7-4668-BE54-9A1E7A4F7556}") = "Contact.Data", "Contact.Data\Contact.Data.csproj", "{F7D028EA-AB71-44F6-B362-4B9B466545DE}"
EndProject
Project("{FAE04EC0-301F-11D3-BF4B-00C04F79EFBC}") = "Contact.Worker", "Contact.Worker\Contact.Worker.csproj", "{9D159915-B645-41FC-9373-AF1E5137E784}"
EndProject
Global
	GlobalSection(SolutionConfigurationPlatforms) = preSolution
		Debug|Any CPU = Debug|Any CPU
		Release|Any CPU = Release|Any CPU
	EndGlobalSection
	GlobalSection(ProjectConfigurationPlatforms) = postSolution
		{104CE57A-6CDB-4A82-ABB3-FE6253CE52FA}.Debug|Any CPU.ActiveCfg = Debug|Any CPU
		{104CE57A-6CDB-4A82-ABB3-FE6253CE52FA}.Debug|Any CPU.Build.0 = Debug|Any CPU
		{104CE57A-6CDB-4A82-ABB3-FE6253CE52FA}.Release|Any CPU.ActiveCfg = Release|Any CPU
		{104CE57A-6CDB-4A82-ABB3-FE6253CE52FA}.Release|Any CPU.Build.0 = Release|Any CPU
		{A03BACA8-FFC2-4C7B-BFC6-B57D6E46F69A}.Debug|Any CPU.ActiveCfg = Debug|Any CPU
		{A03BACA8-FFC2-4C7B-BFC6-B57D6E46F69A}.Debug|Any CPU.Build.0 = Debug|Any CPU
		{A03BACA8-FFC2-4C7B-BFC6-B57D6E46F69A}.Release|Any CPU.ActiveCfg = Release|Any CPU
		{A03BACA8-FFC2-4C7B-BFC6-B57D6E46F69A}.Release|Any CPU.Build.0 = Release|Any CPU
		{F7D028EA-AB71-44F6-B362-4B9B466545DE}.Debug|Any CPU.ActiveCfg = Debug|Any CPU
		{F7D028EA-AB71-44F6-B362-4B9B466545DE}.Debug|Any CPU.Build.0 = Debug|Any CPU
		{F7D028EA-AB71-44F6-B362-4B9B466545DE}.Release|Any CPU.ActiveCfg = Release|Any CPU
		{F7D028EA-AB71-44F6-B362-4B9B466545DE}.Release|Any CPU.Build.0 = Release|Any CPU
		{9D159915-B645-41FC-9373-AF1E5137E784}.Debug|Any CPU.ActiveCfg = Debug|Any CPU
		{9D159915-B645-41FC-9373-AF1E5137E784}.Debug|Any CPU.Build.0 = Debug|Any CPU
		{9D159915-B645-41FC-9373-AF1E5137E784}.Release|Any CPU.ActiveCfg = Release|Any CPU
		{9D159915-B645-41FC-9373-AF1E5137E784}.Release|Any CPU.Build.0 = Release|Any CPU
	EndGlobalSection
	GlobalSection(SolutionProperties) = preSolution
		HideSolutionNode = FALSE
	EndGlobalSection
	GlobalSection(ExtensibilityGlobals) = postSolution
		SolutionGuid = {E28953B0-EA71-4834-B6B7-CAAFC0DD1100}
	EndGlobalSection
EndGlobal
